
Microsoft Visual Studio Solution File, Format Version 12.00
# Visual Studio Version 16
VisualStudioVersion = 16.0.30320.27
MinimumVisualStudioVersion = 10.0.40219.1
Project("{8BC9CEB8-8B4A-11D0-8D11-00A0C91BC942}") = "Homework18", "Homework18\Homework18.vcxproj", "{1FD56E88-00EE-48A0-8A79-0A0D286E6043}"
EndProject
Global
	GlobalSection(SolutionConfigurationPlatforms) = preSolution
		Debug|x64 = Debug|x64
		Debug|x86 = Debug|x86
		Release|x64 = Release|x64
		Release|x86 = Release|x86
	EndGlobalSection
	GlobalSection(ProjectConfigurationPlatforms) = postSolution
		{1FD56E88-00EE-48A0-8A79-0A0D286E6043}.Debug|x64.ActiveCfg = Debug|x64
		{1FD56E88-00EE-48A0-8A79-0A0D286E6043}.Debug|x64.Build.0 = Debug|x64
		{1FD56E88-00EE-48A0-8A79-0A0D286E6043}.Debug|x86.ActiveCfg = Debug|Win32
		{1FD56E88-00EE-48A0-8A79-0A0D286E6043}.Debug|x86.Build.0 = Debug|Win32
		{1FD56E88-00EE-48A0-8A79-0A0D286E6043}.Release|x64.ActiveCfg = Release|x64
		{1FD56E88-00EE-48A0-8A79-0A0D286E6043}.Release|x64.Build.0 = Release|x64
		{1FD56E88-00EE-48A0-8A79-0A0D286E6043}.Release|x86.ActiveCfg = Release|Win32
		{1FD56E88-00EE-48A0-8A79-0A0D286E6043}.Release|x86.Build.0 = Release|Win32
	EndGlobalSection
	GlobalSection(SolutionProperties) = preSolution
		HideSolutionNode = FALSE
	EndGlobalSection
	GlobalSection(ExtensibilityGlobals) = postSolution
		SolutionGuid = {405BA512-33BB-407F-8720-EADAC8A39A80}
	EndGlobalSection
EndGlobal
